// !$*UTF8*$!
{
	archiveVersion = 1;
	classes = {
	};
	objectVersion = 46;
	objects = {

/* Begin PBXBuildFile section */
		722655E01BB7F2FA007EE52C /* main.m in Sources */ = {isa = PBXBuildFile; fileRef = 722655DF1BB7F2FA007EE52C /* main.m */; };
		722655E31BB7F2FB007EE52C /* AppDelegate.m in Sources */ = {isa = PBXBuildFile; fileRef = 722655E21BB7F2FB007EE52C /* AppDelegate.m */; };
		722655E61BB7F2FB007EE52C /* ViewController.m in Sources */ = {isa = PBXBuildFile; fileRef = 722655E51BB7F2FB007EE52C /* ViewController.m */; };
		722655E91BB7F2FB007EE52C /* Main.storyboard in Resources */ = {isa = PBXBuildFile; fileRef = 722655E71BB7F2FB007EE52C /* Main.storyboard */; };
		722655EB1BB7F2FB007EE52C /* Assets.xcassets in Resources */ = {isa = PBXBuildFile; fileRef = 722655EA1BB7F2FB007EE52C /* Assets.xcassets */; };
		722655EE1BB7F2FB007EE52C /* LaunchScreen.storyboard in Resources */ = {isa = PBXBuildFile; fileRef = 722655EC1BB7F2FB007EE52C /* LaunchScreen.storyboard */; };
		722655F91BB7F2FB007EE52C /* iamRichTests.m in Sources */ = {isa = PBXBuildFile; fileRef = 722655F81BB7F2FB007EE52C /* iamRichTests.m */; };
		722656041BB7F2FB007EE52C /* iamRichUITests.m in Sources */ = {isa = PBXBuildFile; fileRef = 722656031BB7F2FB007EE52C /* iamRichUITests.m */; };
/* End PBXBuildFile section */

/* Begin PBXContainerItemProxy section */
		722655F51BB7F2FB007EE52C /* PBXContainerItemProxy */ = {
			isa = PBXContainerItemProxy;
			containerPortal = 722655D31BB7F2FA007EE52C /* Project object */;
			proxyType = 1;
			remoteGlobalIDString = 722655DA1BB7F2FA007EE52C;
			remoteInfo = iamRich;
		};
		722656001BB7F2FB007EE52C /* PBXContainerItemProxy */ = {
			isa = PBXContainerItemProxy;
			containerPortal = 722655D31BB7F2FA007EE52C /* Project object */;
			proxyType = 1;
			remoteGlobalIDString = 722655DA1BB7F2FA007EE52C;
			remoteInfo = iamRich;
		};
/* End PBXContainerItemProxy section */

/* Begin PBXFileReference section */
		722655DB1BB7F2FA007EE52C /* iamRich.app */ = {isa = PBXFileReference; explicitFileType = wrapper.application; includeInIndex = 0; path = iamRich.app; sourceTree = BUILT_PRODUCTS_DIR; };
		722655DF1BB7F2FA007EE52C /* main.m */ = {isa = PBXFileReference; lastKnownFileType = sourcecode.c.objc; path = main.m; sourceTree = "<group>"; };
		722655E11BB7F2FB007EE52C /* AppDelegate.h */ = {isa = PBXFileReference; lastKnownFileType = sourcecode.c.h; path = AppDelegate.h; sourceTree = "<group>"; };
		722655E21BB7F2FB007EE52C /* AppDelegate.m */ = {isa = PBXFileReference; lastKnownFileType = sourcecode.c.objc; path = AppDelegate.m; sourceTree = "<group>"; };
		722655E41BB7F2FB007EE52C /* ViewController.h */ = {isa = PBXFileReference; lastKnownFileType = sourcecode.c.h; path = ViewController.h; sourceTree = "<group>"; };
		722655E51BB7F2FB007EE52C /* ViewController.m */ = {isa = PBXFileReference; lastKnownFileType = sourcecode.c.objc; path = ViewController.m; sourceTree = "<group>"; };
		722655E81BB7F2FB007EE52C /* Base */ = {isa = PBXFileReference; lastKnownFileType = file.storyboard; name = Base; path = Base.lproj/Main.storyboard; sourceTree = "<group>"; };
		722655EA1BB7F2FB007EE52C /* Assets.xcassets */ = {isa = PBXFileReference; lastKnownFileType = folder.assetcatalog; path = Assets.xcassets; sourceTree = "<group>"; };
		722655ED1BB7F2FB007EE52C /* Base */ = {isa = PBXFileReference; lastKnownFileType = file.storyboard; name = Base; path = Base.lproj/LaunchScreen.storyboard; sourceTree = "<group>"; };
		722655EF1BB7F2FB007EE52C /* Info.plist */ = {isa = PBXFileReference; lastKnownFileType = text.plist.xml; path = Info.plist; sourceTree = "<group>"; };
		722655F41BB7F2FB007EE52C /* iamRichTests.xctest */ = {isa = PBXFileReference; explicitFileType = wrapper.cfbundle; includeInIndex = 0; path = iamRichTests.xctest; sourceTree = BUILT_PRODUCTS_DIR; };
		722655F81BB7F2FB007EE52C /* iamRichTests.m */ = {isa = PBXFileReference; lastKnownFileType = sourcecode.c.objc; path = iamRichTests.m; sourceTree = "<group>"; };
		722655FA1BB7F2FB007EE52C /* Info.plist */ = {isa = PBXFileReference; lastKnownFileType = text.plist.xml; path = Info.plist; sourceTree = "<group>"; };
		722655FF1BB7F2FB007EE52C /* iamRichUITests.xctest */ = {isa = PBXFileReference; explicitFileType = wrapper.cfbundle; includeInIndex = 0; path = iamRichUITests.xctest; sourceTree = BUILT_PRODUCTS_DIR; };
		722656031BB7F2FB007EE52C /* iamRichUITests.m */ = {isa = PBXFileReference; lastKnownFileType = sourcecode.c.objc; path = iamRichUITests.m; sourceTree = "<group>"; };
		722656051BB7F2FB007EE52C /* Info.plist */ = {isa = PBXFileReference; lastKnownFileType = text.plist.xml; path = Info.plist; sourceTree = "<group>"; };
/* End PBXFileReference section */

/* Begin PBXFrameworksBuildPhase section */
		722655D81BB7F2FA007EE52C /* Frameworks */ = {
			isa = PBXFrameworksBuildPhase;
			buildActionMask = 2147483647;
			files = (
			);
			runOnlyForDeploymentPostprocessing = 0;
		};
		722655F11BB7F2FB007EE52C /* Frameworks */ = {
			isa = PBXFrameworksBuildPhase;
			buildActionMask = 2147483647;
			files = (
			);
			runOnlyForDeploymentPostprocessing = 0;
		};
		722655FC1BB7F2FB007EE52C /* Frameworks */ = {
			isa = PBXFrameworksBuildPhase;
			buildActionMask = 2147483647;
			files = (
			);
			runOnlyForDeploymentPostprocessing = 0;
		};
/* End PBXFrameworksBuildPhase section */

/* Begin PBXGroup section */
		722655D21BB7F2FA007EE52C = {
			isa = PBXGroup;
			children = (
				722655DD1BB7F2FA007EE52C /* iamRich */,
				722655F71BB7F2FB007EE52C /* iamRichTests */,
				722656021BB7F2FB007EE52C /* iamRichUITests */,
				722655DC1BB7F2FA007EE52C /* Products */,
			);
			sourceTree = "<group>";
		};
		722655DC1BB7F2FA007EE52C /* Products */ = {
			isa = PBXGroup;
			children = (
				722655DB1BB7F2FA007EE52C /* iamRich.app */,
				722655F41BB7F2FB007EE52C /* iamRichTests.xctest */,
				722655FF1BB7F2FB007EE52C /* iamRichUITests.xctest */,
			);
			name = Products;
			sourceTree = "<group>";
		};
		722655DD1BB7F2FA007EE52C /* iamRich */ = {
			isa = PBXGroup;
			children = (
				722655E11BB7F2FB007EE52C /* AppDelegate.h */,
				722655E21BB7F2FB007EE52C /* AppDelegate.m */,
				722655E41BB7F2FB007EE52C /* ViewController.h */,
				722655E51BB7F2FB007EE52C /* ViewController.m */,
				722655E71BB7F2FB007EE52C /* Main.storyboard */,
				722655EA1BB7F2FB007EE52C /* Assets.xcassets */,
				722655EC1BB7F2FB007EE52C /* LaunchScreen.storyboard */,
				722655EF1BB7F2FB007EE52C /* Info.plist */,
				722655DE1BB7F2FA007EE52C /* Supporting Files */,
			);
			path = iamRich;
			sourceTree = "<group>";
		};
		722655DE1BB7F2FA007EE52C /* Supporting Files */ = {
			isa = PBXGroup;
			children = (
				722655DF1BB7F2FA007EE52C /* main.m */,
			);
			name = "Supporting Files";
			sourceTree = "<group>";
		};
		722655F71BB7F2FB007EE52C /* iamRichTests */ = {
			isa = PBXGroup;
			children = (
				722655F81BB7F2FB007EE52C /* iamRichTests.m */,
				722655FA1BB7F2FB007EE52C /* Info.plist */,
			);
			path = iamRichTests;
			sourceTree = "<group>";
		};
		722656021BB7F2FB007EE52C /* iamRichUITests */ = {
			isa = PBXGroup;
			children = (
				722656031BB7F2FB007EE52C /* iamRichUITests.m */,
				722656051BB7F2FB007EE52C /* Info.plist */,
			);
			path = iamRichUITests;
			sourceTree = "<group>";
		};
/* End PBXGroup section */

/* Begin PBXNativeTarget section */
		722655DA1BB7F2FA007EE52C /* iamRich */ = {
			isa = PBXNativeTarget;
			buildConfigurationList = 722656081BB7F2FB007EE52C /* Build configuration list for PBXNativeTarget "iamRich" */;
			buildPhases = (
				722655D71BB7F2FA007EE52C /* Sources */,
				722655D81BB7F2FA007EE52C /* Frameworks */,
				722655D91BB7F2FA007EE52C /* Resources */,
			);
			buildRules = (
			);
			dependencies = (
			);
			name = iamRich;
			productName = iamRich;
			productReference = 722655DB1BB7F2FA007EE52C /* iamRich.app */;
			productType = "com.apple.product-type.application";
		};
		722655F31BB7F2FB007EE52C /* iamRichTests */ = {
			isa = PBXNativeTarget;
			buildConfigurationList = 7226560B1BB7F2FB007EE52C /* Build configuration list for PBXNativeTarget "iamRichTests" */;
			buildPhases = (
				722655F01BB7F2FB007EE52C /* Sources */,
				722655F11BB7F2FB007EE52C /* Frameworks */,
				722655F21BB7F2FB007EE52C /* Resources */,
			);
			buildRules = (
			);
			dependencies = (
				722655F61BB7F2FB007EE52C /* PBXTargetDependency */,
			);
			name = iamRichTests;
			productName = iamRichTests;
			productReference = 722655F41BB7F2FB007EE52C /* iamRichTests.xctest */;
			productType = "com.apple.product-type.bundle.unit-test";
		};
		722655FE1BB7F2FB007EE52C /* iamRichUITests */ = {
			isa = PBXNativeTarget;
			buildConfigurationList = 7226560E1BB7F2FB007EE52C /* Build configuration list for PBXNativeTarget "iamRichUITests" */;
			buildPhases = (
				722655FB1BB7F2FB007EE52C /* Sources */,
				722655FC1BB7F2FB007EE52C /* Frameworks */,
				722655FD1BB7F2FB007EE52C /* Resources */,
			);
			buildRules = (
			);
			dependencies = (
				722656011BB7F2FB007EE52C /* PBXTargetDependency */,
			);
			name = iamRichUITests;
			productName = iamRichUITests;
			productReference = 722655FF1BB7F2FB007EE52C /* iamRichUITests.xctest */;
			productType = "com.apple.product-type.bundle.ui-testing";
		};
/* End PBXNativeTarget section */

/* Begin PBXProject section */
		722655D31BB7F2FA007EE52C /* Project object */ = {
			isa = PBXProject;
			attributes = {
				LastUpgradeCheck = 0700;
				ORGANIZATIONNAME = Thong;
				TargetAttributes = {
					722655DA1BB7F2FA007EE52C = {
						CreatedOnToolsVersion = 7.0;
					};
					722655F31BB7F2FB007EE52C = {
						CreatedOnToolsVersion = 7.0;
						TestTargetID = 722655DA1BB7F2FA007EE52C;
					};
					722655FE1BB7F2FB007EE52C = {
						CreatedOnToolsVersion = 7.0;
						TestTargetID = 722655DA1BB7F2FA007EE52C;
					};
				};
			};
			buildConfigurationList = 722655D61BB7F2FA007EE52C /* Build configuration list for PBXProject "iamRich" */;
			compatibilityVersion = "Xcode 3.2";
			developmentRegion = English;
			hasScannedForEncodings = 0;
			knownRegions = (
				en,
				Base,
			);
			mainGroup = 722655D21BB7F2FA007EE52C;
			productRefGroup = 722655DC1BB7F2FA007EE52C /* Products */;
			projectDirPath = "";
			projectRoot = "";
			targets = (
				722655DA1BB7F2FA007EE52C /* iamRich */,
				722655F31BB7F2FB007EE52C /* iamRichTests */,
				722655FE1BB7F2FB007EE52C /* iamRichUITests */,
			);
		};
/* End PBXProject section */

/* Begin PBXResourcesBuildPhase section */
		722655D91BB7F2FA007EE52C /* Resources */ = {
			isa = PBXResourcesBuildPhase;
			buildActionMask = 2147483647;
			files = (
				722655EE1BB7F2FB007EE52C /* LaunchScreen.storyboard in Resources */,
				722655EB1BB7F2FB007EE52C /* Assets.xcassets in Resources */,
				722655E91BB7F2FB007EE52C /* Main.storyboard in Resources */,
			);
			runOnlyForDeploymentPostprocessing = 0;
		};
		722655F21BB7F2FB007EE52C /* Resources */ = {
			isa = PBXResourcesBuildPhase;
			buildActionMask = 2147483647;
			files = (
			);
			runOnlyForDeploymentPostprocessing = 0;
		};
		722655FD1BB7F2FB007EE52C /* Resources */ = {
			isa = PBXResourcesBuildPhase;
			buildActionMask = 2147483647;
			files = (
			);
			runOnlyForDeploymentPostprocessing = 0;
		};
/* End PBXResourcesBuildPhase section */

/* Begin PBXSourcesBuildPhase section */
		722655D71BB7F2FA007EE52C /* Sources */ = {
			isa = PBXSourcesBuildPhase;
			buildActionMask = 2147483647;
			files = (
				722655E61BB7F2FB007EE52C /* ViewController.m in Sources */,
				722655E31BB7F2FB007EE52C /* AppDelegate.m in Sources */,
				722655E01BB7F2FA007EE52C /* main.m in Sources */,
			);
			runOnlyForDeploymentPostprocessing = 0;
		};
		722655F01BB7F2FB007EE52C /* Sources */ = {
			isa = PBXSourcesBuildPhase;
			buildActionMask = 2147483647;
			files = (
				722655F91BB7F2FB007EE52C /* iamRichTests.m in Sources */,
			);
			runOnlyForDeploymentPostprocessing = 0;
		};
		722655FB1BB7F2FB007EE52C /* Sources */ = {
			isa = PBXSourcesBuildPhase;
			buildActionMask = 2147483647;
			files = (
				722656041BB7F2FB007EE52C /* iamRichUITests.m in Sources */,
			);
			runOnlyForDeploymentPostprocessing = 0;
		};
/* End PBXSourcesBuildPhase section */

/* Begin PBXTargetDependency section */
		722655F61BB7F2FB007EE52C /* PBXTargetDependency */ = {
			isa = PBXTargetDependency;
			target = 722655DA1BB7F2FA007EE52C /* iamRich */;
			targetProxy = 722655F51BB7F2FB007EE52C /* PBXContainerItemProxy */;
		};
		722656011BB7F2FB007EE52C /* PBXTargetDependency */ = {
			isa = PBXTargetDependency;
			target = 722655DA1BB7F2FA007EE52C /* iamRich */;
			targetProxy = 722656001BB7F2FB007EE52C /* PBXContainerItemProxy */;
		};
/* End PBXTargetDependency section */

/* Begin PBXVariantGroup section */
		722655E71BB7F2FB007EE52C /* Main.storyboard */ = {
			isa = PBXVariantGroup;
			children = (
				722655E81BB7F2FB007EE52C /* Base */,
			);
			name = Main.storyboard;
			sourceTree = "<group>";
		};
		722655EC1BB7F2FB007EE52C /* LaunchScreen.storyboard */ = {
			isa = PBXVariantGroup;
			children = (
				722655ED1BB7F2FB007EE52C /* Base */,
			);
			name = LaunchScreen.storyboard;
			sourceTree = "<group>";
		};
/* End PBXVariantGroup section */

/* Begin XCBuildConfiguration section */
		722656061BB7F2FB007EE52C /* Debug */ = {
			isa = XCBuildConfiguration;
			buildSettings = {
				ALWAYS_SEARCH_USER_PATHS = NO;
				CLANG_CXX_LANGUAGE_STANDARD = "gnu++0x";
				CLANG_CXX_LIBRARY = "libc++";
				CLANG_ENABLE_MODULES = YES;
				CLANG_ENABLE_OBJC_ARC = YES;
				CLANG_WARN_BOOL_CONVERSION = YES;
				CLANG_WARN_CONSTANT_CONVERSION = YES;
				CLANG_WARN_DIRECT_OBJC_ISA_USAGE = YES_ERROR;
				CLANG_WARN_EMPTY_BODY = YES;
				CLANG_WARN_ENUM_CONVERSION = YES;
				CLANG_WARN_INT_CONVERSION = YES;
				CLANG_WARN_OBJC_ROOT_CLASS = YES_ERROR;
				CLANG_WARN_UNREACHABLE_CODE = YES;
				CLANG_WARN__DUPLICATE_METHOD_MATCH = YES;
				"CODE_SIGN_IDENTITY[sdk=iphoneos*]" = "iPhone Developer";
				COPY_PHASE_STRIP = NO;
				DEBUG_INFORMATION_FORMAT = dwarf;
				ENABLE_STRICT_OBJC_MSGSEND = YES;
				ENABLE_TESTABILITY = YES;
				GCC_C_LANGUAGE_STANDARD = gnu99;
				GCC_DYNAMIC_NO_PIC = NO;
				GCC_NO_COMMON_BLOCKS = YES;
				GCC_OPTIMIZATION_LEVEL = 0;
				GCC_PREPROCESSOR_DEFINITIONS = (
					"DEBUG=1",
					"$(inherited)",
				);
				GCC_WARN_64_TO_32_BIT_CONVERSION = YES;
				GCC_WARN_ABOUT_RETURN_TYPE = YES_ERROR;
				GCC_WARN_UNDECLARED_SELECTOR = YES;
				GCC_WARN_UNINITIALIZED_AUTOS = YES_AGGRESSIVE;
				GCC_WARN_UNUSED_FUNCTION = YES;
				GCC_WARN_UNUSED_VARIABLE = YES;
				IPHONEOS_DEPLOYMENT_TARGET = 9.0;
				MTL_ENABLE_DEBUG_INFO = YES;
				ONLY_ACTIVE_ARCH = YES;
				SDKROOT = iphoneos;
			};
			name = Debug;
		};
		722656071BB7F2FB007EE52C /* Release */ = {
			isa = XCBuildConfiguration;
			buildSettings = {
				ALWAYS_SEARCH_USER_PATHS = NO;
				CLANG_CXX_LANGUAGE_STANDARD = "gnu++0x";
				CLANG_CXX_LIBRARY = "libc++";
				CLANG_ENABLE_MODULES = YES;
				CLANG_ENABLE_OBJC_ARC = YES;
				CLANG_WARN_BOOL_CONVERSION = YES;
				CLANG_WARN_CONSTANT_CONVERSION = YES;
				CLANG_WARN_DIRECT_OBJC_ISA_USAGE = YES_ERROR;
				CLANG_WARN_EMPTY_BODY = YES;
				CLANG_WARN_ENUM_CONVERSION = YES;
				CLANG_WARN_INT_CONVERSION = YES;
				CLANG_WARN_OBJC_ROOT_CLASS = YES_ERROR;
				CLANG_WARN_UNREACHABLE_CODE = YES;
				CLANG_WARN__DUPLICATE_METHOD_MATCH = YES;
				"CODE_SIGN_IDENTITY[sdk=iphoneos*]" = "iPhone Developer";
				COPY_PHASE_STRIP = NO;
				DEBUG_INFORMATION_FORMAT = "dwarf-with-dsym";
				ENABLE_NS_ASSERTIONS = NO;
				ENABLE_STRICT_OBJC_MSGSEND = YES;
				GCC_C_LANGUAGE_STANDARD = gnu99;
				GCC_NO_COMMON_BLOCKS = YES;
				GCC_WARN_64_TO_32_BIT_CONVERSION = YES;
				GCC_WARN_ABOUT_RETURN_TYPE = YES_ERROR;
				GCC_WARN_UNDECLARED_SELECTOR = YES;
				GCC_WARN_UNINITIALIZED_AUTOS = YES_AGGRESSIVE;
				GCC_WARN_UNUSED_FUNCTION = YES;
				GCC_WARN_UNUSED_VARIABLE = YES;
				IPHONEOS_DEPLOYMENT_TARGET = 9.0;
				MTL_ENABLE_DEBUG_INFO = NO;
				SDKROOT = iphoneos;
				VALIDATE_PRODUCT = YES;
			};
			name = Release;
		};
		722656091BB7F2FB007EE52C /* Debug */ = {
			isa = XCBuildConfiguration;
			buildSettings = {
				ASSETCATALOG_COMPILER_APPICON_NAME = AppIcon;
				INFOPLIST_FILE = iamRich/Info.plist;
				LD_RUNPATH_SEARCH_PATHS = "$(inherited) @executable_path/Frameworks";
				PRODUCT_BUNDLE_IDENTIFIER = vn.thong.iamRich;
				PRODUCT_NAME = "$(TARGET_NAME)";
			};
			name = Debug;
		};
		7226560A1BB7F2FB007EE52C /* Release */ = {
			isa = XCBuildConfiguration;
			buildSettings = {
				ASSETCATALOG_COMPILER_APPICON_NAME = AppIcon;
				INFOPLIST_FILE = iamRich/Info.plist;
				LD_RUNPATH_SEARCH_PATHS = "$(inherited) @executable_path/Frameworks";
				PRODUCT_BUNDLE_IDENTIFIER = vn.thong.iamRich;
				PRODUCT_NAME = "$(TARGET_NAME)";
			};
			name = Release;
		};
		7226560C1BB7F2FB007EE52C /* Debug */ = {
			isa = XCBuildConfiguration;
			buildSettings = {
				BUNDLE_LOADER = "$(TEST_HOST)";
				INFOPLIST_FILE = iamRichTests/Info.plist;
				LD_RUNPATH_SEARCH_PATHS = "$(inherited) @executable_path/Frameworks @loader_path/Frameworks";
				PRODUCT_BUNDLE_IDENTIFIER = vn.thong.iamRichTests;
				PRODUCT_NAME = "$(TARGET_NAME)";
				TEST_HOST = "$(BUILT_PRODUCTS_DIR)/iamRich.app/iamRich";
			};
			name = Debug;
		};
		7226560D1BB7F2FB007EE52C /* Release */ = {
			isa = XCBuildConfiguration;
			buildSettings = {
				BUNDLE_LOADER = "$(TEST_HOST)";
				INFOPLIST_FILE = iamRichTests/Info.plist;
				LD_RUNPATH_SEARCH_PATHS = "$(inherited) @executable_path/Frameworks @loader_path/Frameworks";
				PRODUCT_BUNDLE_IDENTIFIER = vn.thong.iamRichTests;
				PRODUCT_NAME = "$(TARGET_NAME)";
				TEST_HOST = "$(BUILT_PRODUCTS_DIR)/iamRich.app/iamRich";
			};
			name = Release;
		};
		7226560F1BB7F2FB007EE52C /* Debug */ = {
			isa = XCBuildConfiguration;
			buildSettings = {
				INFOPLIST_FILE = iamRichUITests/Info.plist;
				LD_RUNPATH_SEARCH_PATHS = "$(inherited) @executable_path/Frameworks @loader_path/Frameworks";
				PRODUCT_BUNDLE_IDENTIFIER = vn.thong.iamRichUITests;
				PRODUCT_NAME = "$(TARGET_NAME)";
				TEST_TARGET_NAME = iamRich;
				USES_XCTRUNNER = YES;
			};
			name = Debug;
		};
		722656101BB7F2FB007EE52C /* Release */ = {
			isa = XCBuildConfiguration;
			buildSettings = {
				INFOPLIST_FILE = iamRichUITests/Info.plist;
				LD_RUNPATH_SEARCH_PATHS = "$(inherited) @executable_path/Frameworks @loader_path/Frameworks";
				PRODUCT_BUNDLE_IDENTIFIER = vn.thong.iamRichUITests;
				PRODUCT_NAME = "$(TARGET_NAME)";
				TEST_TARGET_NAME = iamRich;
				USES_XCTRUNNER = YES;
			};
			name = Release;
		};
/* End XCBuildConfiguration section */

/* Begin XCConfigurationList section */
		722655D61BB7F2FA007EE52C /* Build configuration list for PBXProject "iamRich" */ = {
			isa = XCConfigurationList;
			buildConfigurations = (
				722656061BB7F2FB007EE52C /* Debug */,
				722656071BB7F2FB007EE52C /* Release */,
			);
			defaultConfigurationIsVisible = 0;
			defaultConfigurationName = Release;
		};
		722656081BB7F2FB007EE52C /* Build configuration list for PBXNativeTarget "iamRich" */ = {
			isa = XCConfigurationList;
			buildConfigurations = (
				722656091BB7F2FB007EE52C /* Debug */,
				7226560A1BB7F2FB007EE52C /* Release */,
			);
			defaultConfigurationIsVisible = 0;
		};
		7226560B1BB7F2FB007EE52C /* Build configuration list for PBXNativeTarget "iamRichTests" */ = {
			isa = XCConfigurationList;
			buildConfigurations = (
				7226560C1BB7F2FB007EE52C /* Debug */,
				7226560D1BB7F2FB007EE52C /* Release */,
			);
			defaultConfigurationIsVisible = 0;
		};
		7226560E1BB7F2FB007EE52C /* Build configuration list for PBXNativeTarget "iamRichUITests" */ = {
			isa = XCConfigurationList;
			buildConfigurations = (
				7226560F1BB7F2FB007EE52C /* Debug */,
				722656101BB7F2FB007EE52C /* Release */,
			);
			defaultConfigurationIsVisible = 0;
		};
/* End XCConfigurationList section */
	};
	rootObject = 722655D31BB7F2FA007EE52C /* Project object */;
}
